// !$*UTF8*$!
{
	archiveVersion = 1;
	classes = {
	};
	objectVersion = 46;
	objects = {

/* Begin PBXBuildFile section */
		54639DA31F5B94890030CD49 /* main.m in Sources */ = {isa = PBXBuildFile; fileRef = 54639DA21F5B94890030CD49 /* main.m */; };
		54639DA61F5B94890030CD49 /* AppDelegate.m in Sources */ = {isa = PBXBuildFile; fileRef = 54639DA51F5B94890030CD49 /* AppDelegate.m */; };
		54639DA91F5B94890030CD49 /* ViewController.m in Sources */ = {isa = PBXBuildFile; fileRef = 54639DA81F5B94890030CD49 /* ViewController.m */; };
		54639DAC1F5B94890030CD49 /* Main.storyboard in Resources */ = {isa = PBXBuildFile; fileRef = 54639DAA1F5B94890030CD49 /* Main.storyboard */; };
		54639DAE1F5B94890030CD49 /* Assets.xcassets in Resources */ = {isa = PBXBuildFile; fileRef = 54639DAD1F5B94890030CD49 /* Assets.xcassets */; };
		54639DB11F5B94890030CD49 /* LaunchScreen.storyboard in Resources */ = {isa = PBXBuildFile; fileRef = 54639DAF1F5B94890030CD49 /* LaunchScreen.storyboard */; };
		54639DBC1F5B94890030CD49 /* _____Tests.m in Sources */ = {isa = PBXBuildFile; fileRef = 54639DBB1F5B94890030CD49 /* _____Tests.m */; };
		54639DC71F5B94890030CD49 /* _____UITests.m in Sources */ = {isa = PBXBuildFile; fileRef = 54639DC61F5B94890030CD49 /* _____UITests.m */; };
		54639DD61F5B94B70030CD49 /* CalculateManager.m in Sources */ = {isa = PBXBuildFile; fileRef = 54639DD51F5B94B70030CD49 /* CalculateManager.m */; };
/* End PBXBuildFile section */

/* Begin PBXContainerItemProxy section */
		54639DB81F5B94890030CD49 /* PBXContainerItemProxy */ = {
			isa = PBXContainerItemProxy;
			containerPortal = 54639D961F5B94880030CD49 /* Project object */;
			proxyType = 1;
			remoteGlobalIDString = 54639D9D1F5B94890030CD49;
			remoteInfo = "函数式编程";
		};
		54639DC31F5B94890030CD49 /* PBXContainerItemProxy */ = {
			isa = PBXContainerItemProxy;
			containerPortal = 54639D961F5B94880030CD49 /* Project object */;
			proxyType = 1;
			remoteGlobalIDString = 54639D9D1F5B94890030CD49;
			remoteInfo = "函数式编程";
		};
/* End PBXContainerItemProxy section */

/* Begin PBXFileReference section */
		54639D9E1F5B94890030CD49 /* 函数式编程.app */ = {isa = PBXFileReference; explicitFileType = wrapper.application; includeInIndex = 0; path = "函数式编程.app"; sourceTree = BUILT_PRODUCTS_DIR; };
		54639DA21F5B94890030CD49 /* main.m */ = {isa = PBXFileReference; lastKnownFileType = sourcecode.c.objc; path = main.m; sourceTree = "<group>"; };
		54639DA41F5B94890030CD49 /* AppDelegate.h */ = {isa = PBXFileReference; lastKnownFileType = sourcecode.c.h; path = AppDelegate.h; sourceTree = "<group>"; };
		54639DA51F5B94890030CD49 /* AppDelegate.m */ = {isa = PBXFileReference; lastKnownFileType = sourcecode.c.objc; path = AppDelegate.m; sourceTree = "<group>"; };
		54639DA71F5B94890030CD49 /* ViewController.h */ = {isa = PBXFileReference; lastKnownFileType = sourcecode.c.h; path = ViewController.h; sourceTree = "<group>"; };
		54639DA81F5B94890030CD49 /* ViewController.m */ = {isa = PBXFileReference; lastKnownFileType = sourcecode.c.objc; path = ViewController.m; sourceTree = "<group>"; };
		54639DAB1F5B94890030CD49 /* Base */ = {isa = PBXFileReference; lastKnownFileType = file.storyboard; name = Base; path = Base.lproj/Main.storyboard; sourceTree = "<group>"; };
		54639DAD1F5B94890030CD49 /* Assets.xcassets */ = {isa = PBXFileReference; lastKnownFileType = folder.assetcatalog; path = Assets.xcassets; sourceTree = "<group>"; };
		54639DB01F5B94890030CD49 /* Base */ = {isa = PBXFileReference; lastKnownFileType = file.storyboard; name = Base; path = Base.lproj/LaunchScreen.storyboard; sourceTree = "<group>"; };
		54639DB21F5B94890030CD49 /* Info.plist */ = {isa = PBXFileReference; lastKnownFileType = text.plist.xml; path = Info.plist; sourceTree = "<group>"; };
		54639DB71F5B94890030CD49 /* 函数式编程Tests.xctest */ = {isa = PBXFileReference; explicitFileType = wrapper.cfbundle; includeInIndex = 0; path = "函数式编程Tests.xctest"; sourceTree = BUILT_PRODUCTS_DIR; };
		54639DBB1F5B94890030CD49 /* _____Tests.m */ = {isa = PBXFileReference; lastKnownFileType = sourcecode.c.objc; path = "_____Tests.m"; sourceTree = "<group>"; };
		54639DBD1F5B94890030CD49 /* Info.plist */ = {isa = PBXFileReference; lastKnownFileType = text.plist.xml; path = Info.plist; sourceTree = "<group>"; };
		54639DC21F5B94890030CD49 /* 函数式编程UITests.xctest */ = {isa = PBXFileReference; explicitFileType = wrapper.cfbundle; includeInIndex = 0; path = "函数式编程UITests.xctest"; sourceTree = BUILT_PRODUCTS_DIR; };
		54639DC61F5B94890030CD49 /* _____UITests.m */ = {isa = PBXFileReference; lastKnownFileType = sourcecode.c.objc; path = "_____UITests.m"; sourceTree = "<group>"; };
		54639DC81F5B94890030CD49 /* Info.plist */ = {isa = PBXFileReference; lastKnownFileType = text.plist.xml; path = Info.plist; sourceTree = "<group>"; };
		54639DD41F5B94B70030CD49 /* CalculateManager.h */ = {isa = PBXFileReference; fileEncoding = 4; lastKnownFileType = sourcecode.c.h; path = CalculateManager.h; sourceTree = "<group>"; };
		54639DD51F5B94B70030CD49 /* CalculateManager.m */ = {isa = PBXFileReference; fileEncoding = 4; lastKnownFileType = sourcecode.c.objc; path = CalculateManager.m; sourceTree = "<group>"; };
/* End PBXFileReference section */

/* Begin PBXFrameworksBuildPhase section */
		54639D9B1F5B94890030CD49 /* Frameworks */ = {
			isa = PBXFrameworksBuildPhase;
			buildActionMask = 2147483647;
			files = (
			);
			runOnlyForDeploymentPostprocessing = 0;
		};
		54639DB41F5B94890030CD49 /* Frameworks */ = {
			isa = PBXFrameworksBuildPhase;
			buildActionMask = 2147483647;
			files = (
			);
			runOnlyForDeploymentPostprocessing = 0;
		};
		54639DBF1F5B94890030CD49 /* Frameworks */ = {
			isa = PBXFrameworksBuildPhase;
			buildActionMask = 2147483647;
			files = (
			);
			runOnlyForDeploymentPostprocessing = 0;
		};
/* End PBXFrameworksBuildPhase section */

/* Begin PBXGroup section */
		54639D951F5B94880030CD49 = {
			isa = PBXGroup;
			children = (
				54639DA01F5B94890030CD49 /* 函数式编程 */,
				54639DBA1F5B94890030CD49 /* 函数式编程Tests */,
				54639DC51F5B94890030CD49 /* 函数式编程UITests */,
				54639D9F1F5B94890030CD49 /* Products */,
			);
			sourceTree = "<group>";
		};
		54639D9F1F5B94890030CD49 /* Products */ = {
			isa = PBXGroup;
			children = (
				54639D9E1F5B94890030CD49 /* 函数式编程.app */,
				54639DB71F5B94890030CD49 /* 函数式编程Tests.xctest */,
				54639DC21F5B94890030CD49 /* 函数式编程UITests.xctest */,
			);
			name = Products;
			sourceTree = "<group>";
		};
		54639DA01F5B94890030CD49 /* 函数式编程 */ = {
			isa = PBXGroup;
			children = (
				54639DA41F5B94890030CD49 /* AppDelegate.h */,
				54639DA51F5B94890030CD49 /* AppDelegate.m */,
				54639DA71F5B94890030CD49 /* ViewController.h */,
				54639DA81F5B94890030CD49 /* ViewController.m */,
				54639DAA1F5B94890030CD49 /* Main.storyboard */,
				54639DAD1F5B94890030CD49 /* Assets.xcassets */,
				54639DAF1F5B94890030CD49 /* LaunchScreen.storyboard */,
				54639DB21F5B94890030CD49 /* Info.plist */,
				54639DA11F5B94890030CD49 /* Supporting Files */,
				54639DD41F5B94B70030CD49 /* CalculateManager.h */,
				54639DD51F5B94B70030CD49 /* CalculateManager.m */,
			);
			path = "函数式编程";
			sourceTree = "<group>";
		};
		54639DA11F5B94890030CD49 /* Supporting Files */ = {
			isa = PBXGroup;
			children = (
				54639DA21F5B94890030CD49 /* main.m */,
			);
			name = "Supporting Files";
			sourceTree = "<group>";
		};
		54639DBA1F5B94890030CD49 /* 函数式编程Tests */ = {
			isa = PBXGroup;
			children = (
				54639DBB1F5B94890030CD49 /* _____Tests.m */,
				54639DBD1F5B94890030CD49 /* Info.plist */,
			);
			path = "函数式编程Tests";
			sourceTree = "<group>";
		};
		54639DC51F5B94890030CD49 /* 函数式编程UITests */ = {
			isa = PBXGroup;
			children = (
				54639DC61F5B94890030CD49 /* _____UITests.m */,
				54639DC81F5B94890030CD49 /* Info.plist */,
			);
			path = "函数式编程UITests";
			sourceTree = "<group>";
		};
/* End PBXGroup section */

/* Begin PBXNativeTarget section */
		54639D9D1F5B94890030CD49 /* 函数式编程 */ = {
			isa = PBXNativeTarget;
			buildConfigurationList = 54639DCB1F5B94890030CD49 /* Build configuration list for PBXNativeTarget "函数式编程" */;
			buildPhases = (
				54639D9A1F5B94890030CD49 /* Sources */,
				54639D9B1F5B94890030CD49 /* Frameworks */,
				54639D9C1F5B94890030CD49 /* Resources */,
			);
			buildRules = (
			);
			dependencies = (
			);
			name = "函数式编程";
			productName = "函数式编程";
			productReference = 54639D9E1F5B94890030CD49 /* 函数式编程.app */;
			productType = "com.apple.product-type.application";
		};
		54639DB61F5B94890030CD49 /* 函数式编程Tests */ = {
			isa = PBXNativeTarget;
			buildConfigurationList = 54639DCE1F5B94890030CD49 /* Build configuration list for PBXNativeTarget "函数式编程Tests" */;
			buildPhases = (
				54639DB31F5B94890030CD49 /* Sources */,
				54639DB41F5B94890030CD49 /* Frameworks */,
				54639DB51F5B94890030CD49 /* Resources */,
			);
			buildRules = (
			);
			dependencies = (
				54639DB91F5B94890030CD49 /* PBXTargetDependency */,
			);
			name = "函数式编程Tests";
			productName = "函数式编程Tests";
			productReference = 54639DB71F5B94890030CD49 /* 函数式编程Tests.xctest */;
			productType = "com.apple.product-type.bundle.unit-test";
		};
		54639DC11F5B94890030CD49 /* 函数式编程UITests */ = {
			isa = PBXNativeTarget;
			buildConfigurationList = 54639DD11F5B94890030CD49 /* Build configuration list for PBXNativeTarget "函数式编程UITests" */;
			buildPhases = (
				54639DBE1F5B94890030CD49 /* Sources */,
				54639DBF1F5B94890030CD49 /* Frameworks */,
				54639DC01F5B94890030CD49 /* Resources */,
			);
			buildRules = (
			);
			dependencies = (
				54639DC41F5B94890030CD49 /* PBXTargetDependency */,
			);
			name = "函数式编程UITests";
			productName = "函数式编程UITests";
			productReference = 54639DC21F5B94890030CD49 /* 函数式编程UITests.xctest */;
			productType = "com.apple.product-type.bundle.ui-testing";
		};
/* End PBXNativeTarget section */

/* Begin PBXProject section */
		54639D961F5B94880030CD49 /* Project object */ = {
			isa = PBXProject;
			attributes = {
				LastUpgradeCheck = 0830;
				ORGANIZATIONNAME = LiuYuan;
				TargetAttributes = {
					54639D9D1F5B94890030CD49 = {
						CreatedOnToolsVersion = 8.3.3;
						ProvisioningStyle = Automatic;
					};
					54639DB61F5B94890030CD49 = {
						CreatedOnToolsVersion = 8.3.3;
						ProvisioningStyle = Automatic;
						TestTargetID = 54639D9D1F5B94890030CD49;
					};
					54639DC11F5B94890030CD49 = {
						CreatedOnToolsVersion = 8.3.3;
						ProvisioningStyle = Automatic;
						TestTargetID = 54639D9D1F5B94890030CD49;
					};
				};
			};
			buildConfigurationList = 54639D991F5B94880030CD49 /* Build configuration list for PBXProject "函数式编程" */;
			compatibilityVersion = "Xcode 3.2";
			developmentRegion = English;
			hasScannedForEncodings = 0;
			knownRegions = (
				en,
				Base,
			);
			mainGroup = 54639D951F5B94880030CD49;
			productRefGroup = 54639D9F1F5B94890030CD49 /* Products */;
			projectDirPath = "";
			projectRoot = "";
			targets = (
				54639D9D1F5B94890030CD49 /* 函数式编程 */,
				54639DB61F5B94890030CD49 /* 函数式编程Tests */,
				54639DC11F5B94890030CD49 /* 函数式编程UITests */,
			);
		};
/* End PBXProject section */

/* Begin PBXResourcesBuildPhase section */
		54639D9C1F5B94890030CD49 /* Resources */ = {
			isa = PBXResourcesBuildPhase;
			buildActionMask = 2147483647;
			files = (
				54639DB11F5B94890030CD49 /* LaunchScreen.storyboard in Resources */,
				54639DAE1F5B94890030CD49 /* Assets.xcassets in Resources */,
				54639DAC1F5B94890030CD49 /* Main.storyboard in Resources */,
			);
			runOnlyForDeploymentPostprocessing = 0;
		};
		54639DB51F5B94890030CD49 /* Resources */ = {
			isa = PBXResourcesBuildPhase;
			buildActionMask = 2147483647;
			files = (
			);
			runOnlyForDeploymentPostprocessing = 0;
		};
		54639DC01F5B94890030CD49 /* Resources */ = {
			isa = PBXResourcesBuildPhase;
			buildActionMask = 2147483647;
			files = (
			);
			runOnlyForDeploymentPostprocessing = 0;
		};
/* End PBXResourcesBuildPhase section */

/* Begin PBXSourcesBuildPhase section */
		54639D9A1F5B94890030CD49 /* Sources */ = {
			isa = PBXSourcesBuildPhase;
			buildActionMask = 2147483647;
			files = (
				54639DA91F5B94890030CD49 /* ViewController.m in Sources */,
				54639DA61F5B94890030CD49 /* AppDelegate.m in Sources */,
				54639DD61F5B94B70030CD49 /* CalculateManager.m in Sources */,
				54639DA31F5B94890030CD49 /* main.m in Sources */,
			);
			runOnlyForDeploymentPostprocessing = 0;
		};
		54639DB31F5B94890030CD49 /* Sources */ = {
			isa = PBXSourcesBuildPhase;
			buildActionMask = 2147483647;
			files = (
				54639DBC1F5B94890030CD49 /* _____Tests.m in Sources */,
			);
			runOnlyForDeploymentPostprocessing = 0;
		};
		54639DBE1F5B94890030CD49 /* Sources */ = {
			isa = PBXSourcesBuildPhase;
			buildActionMask = 2147483647;
			files = (
				54639DC71F5B94890030CD49 /* _____UITests.m in Sources */,
			);
			runOnlyForDeploymentPostprocessing = 0;
		};
/* End PBXSourcesBuildPhase section */

/* Begin PBXTargetDependency section */
		54639DB91F5B94890030CD49 /* PBXTargetDependency */ = {
			isa = PBXTargetDependency;
			target = 54639D9D1F5B94890030CD49 /* 函数式编程 */;
			targetProxy = 54639DB81F5B94890030CD49 /* PBXContainerItemProxy */;
		};
		54639DC41F5B94890030CD49 /* PBXTargetDependency */ = {
			isa = PBXTargetDependency;
			target = 54639D9D1F5B94890030CD49 /* 函数式编程 */;
			targetProxy = 54639DC31F5B94890030CD49 /* PBXContainerItemProxy */;
		};
/* End PBXTargetDependency section */

/* Begin PBXVariantGroup section */
		54639DAA1F5B94890030CD49 /* Main.storyboard */ = {
			isa = PBXVariantGroup;
			children = (
				54639DAB1F5B94890030CD49 /* Base */,
			);
			name = Main.storyboard;
			sourceTree = "<group>";
		};
		54639DAF1F5B94890030CD49 /* LaunchScreen.storyboard */ = {
			isa = PBXVariantGroup;
			children = (
				54639DB01F5B94890030CD49 /* Base */,
			);
			name = LaunchScreen.storyboard;
			sourceTree = "<group>";
		};
/* End PBXVariantGroup section */

/* Begin XCBuildConfiguration section */
		54639DC91F5B94890030CD49 /* Debug */ = {
			isa = XCBuildConfiguration;
			buildSettings = {
				ALWAYS_SEARCH_USER_PATHS = NO;
				CLANG_ANALYZER_NONNULL = YES;
				CLANG_ANALYZER_NUMBER_OBJECT_CONVERSION = YES_AGGRESSIVE;
				CLANG_CXX_LANGUAGE_STANDARD = "gnu++0x";
				CLANG_CXX_LIBRARY = "libc++";
				CLANG_ENABLE_MODULES = YES;
				CLANG_ENABLE_OBJC_ARC = YES;
				CLANG_WARN_BOOL_CONVERSION = YES;
				CLANG_WARN_CONSTANT_CONVERSION = YES;
				CLANG_WARN_DIRECT_OBJC_ISA_USAGE = YES_ERROR;
				CLANG_WARN_DOCUMENTATION_COMMENTS = YES;
				CLANG_WARN_EMPTY_BODY = YES;
				CLANG_WARN_ENUM_CONVERSION = YES;
				CLANG_WARN_INFINITE_RECURSION = YES;
				CLANG_WARN_INT_CONVERSION = YES;
				CLANG_WARN_OBJC_ROOT_CLASS = YES_ERROR;
				CLANG_WARN_SUSPICIOUS_MOVE = YES;
				CLANG_WARN_UNREACHABLE_CODE = YES;
				CLANG_WARN__DUPLICATE_METHOD_MATCH = YES;
				"CODE_SIGN_IDENTITY[sdk=iphoneos*]" = "iPhone Developer";
				COPY_PHASE_STRIP = NO;
				DEBUG_INFORMATION_FORMAT = dwarf;
				ENABLE_STRICT_OBJC_MSGSEND = YES;
				ENABLE_TESTABILITY = YES;
				GCC_C_LANGUAGE_STANDARD = gnu99;
				GCC_DYNAMIC_NO_PIC = NO;
				GCC_NO_COMMON_BLOCKS = YES;
				GCC_OPTIMIZATION_LEVEL = 0;
				GCC_PREPROCESSOR_DEFINITIONS = (
					"DEBUG=1",
					"$(inherited)",
				);
				GCC_WARN_64_TO_32_BIT_CONVERSION = YES;
				GCC_WARN_ABOUT_RETURN_TYPE = YES_ERROR;
				GCC_WARN_UNDECLARED_SELECTOR = YES;
				GCC_WARN_UNINITIALIZED_AUTOS = YES_AGGRESSIVE;
				GCC_WARN_UNUSED_FUNCTION = YES;
				GCC_WARN_UNUSED_VARIABLE = YES;
				IPHONEOS_DEPLOYMENT_TARGET = 10.3;
				MTL_ENABLE_DEBUG_INFO = YES;
				ONLY_ACTIVE_ARCH = YES;
				SDKROOT = iphoneos;
				TARGETED_DEVICE_FAMILY = "1,2";
			};
			name = Debug;
		};
		54639DCA1F5B94890030CD49 /* Release */ = {
			isa = XCBuildConfiguration;
			buildSettings = {
				ALWAYS_SEARCH_USER_PATHS = NO;
				CLANG_ANALYZER_NONNULL = YES;
				CLANG_ANALYZER_NUMBER_OBJECT_CONVERSION = YES_AGGRESSIVE;
				CLANG_CXX_LANGUAGE_STANDARD = "gnu++0x";
				CLANG_CXX_LIBRARY = "libc++";
				CLANG_ENABLE_MODULES = YES;
				CLANG_ENABLE_OBJC_ARC = YES;
				CLANG_WARN_BOOL_CONVERSION = YES;
				CLANG_WARN_CONSTANT_CONVERSION = YES;
				CLANG_WARN_DIRECT_OBJC_ISA_USAGE = YES_ERROR;
				CLANG_WARN_DOCUMENTATION_COMMENTS = YES;
				CLANG_WARN_EMPTY_BODY = YES;
				CLANG_WARN_ENUM_CONVERSION = YES;
				CLANG_WARN_INFINITE_RECURSION = YES;
				CLANG_WARN_INT_CONVERSION = YES;
				CLANG_WARN_OBJC_ROOT_CLASS = YES_ERROR;
				CLANG_WARN_SUSPICIOUS_MOVE = YES;
				CLANG_WARN_UNREACHABLE_CODE = YES;
				CLANG_WARN__DUPLICATE_METHOD_MATCH = YES;
				"CODE_SIGN_IDENTITY[sdk=iphoneos*]" = "iPhone Developer";
				COPY_PHASE_STRIP = NO;
				DEBUG_INFORMATION_FORMAT = "dwarf-with-dsym";
				ENABLE_NS_ASSERTIONS = NO;
				ENABLE_STRICT_OBJC_MSGSEND = YES;
				GCC_C_LANGUAGE_STANDARD = gnu99;
				GCC_NO_COMMON_BLOCKS = YES;
				GCC_WARN_64_TO_32_BIT_CONVERSION = YES;
				GCC_WARN_ABOUT_RETURN_TYPE = YES_ERROR;
				GCC_WARN_UNDECLARED_SELECTOR = YES;
				GCC_WARN_UNINITIALIZED_AUTOS = YES_AGGRESSIVE;
				GCC_WARN_UNUSED_FUNCTION = YES;
				GCC_WARN_UNUSED_VARIABLE = YES;
				IPHONEOS_DEPLOYMENT_TARGET = 10.3;
				MTL_ENABLE_DEBUG_INFO = NO;
				SDKROOT = iphoneos;
				TARGETED_DEVICE_FAMILY = "1,2";
				VALIDATE_PRODUCT = YES;
			};
			name = Release;
		};
		54639DCC1F5B94890030CD49 /* Debug */ = {
			isa = XCBuildConfiguration;
			buildSettings = {
				ASSETCATALOG_COMPILER_APPICON_NAME = AppIcon;
				INFOPLIST_FILE = "函数式编程/Info.plist";
				LD_RUNPATH_SEARCH_PATHS = "$(inherited) @executable_path/Frameworks";
				PRODUCT_BUNDLE_IDENTIFIER = "LiuYuan.-----";
				PRODUCT_NAME = "$(TARGET_NAME)";
			};
			name = Debug;
		};
		54639DCD1F5B94890030CD49 /* Release */ = {
			isa = XCBuildConfiguration;
			buildSettings = {
				ASSETCATALOG_COMPILER_APPICON_NAME = AppIcon;
				INFOPLIST_FILE = "函数式编程/Info.plist";
				LD_RUNPATH_SEARCH_PATHS = "$(inherited) @executable_path/Frameworks";
				PRODUCT_BUNDLE_IDENTIFIER = "LiuYuan.-----";
				PRODUCT_NAME = "$(TARGET_NAME)";
			};
			name = Release;
		};
		54639DCF1F5B94890030CD49 /* Debug */ = {
			isa = XCBuildConfiguration;
			buildSettings = {
				BUNDLE_LOADER = "$(TEST_HOST)";
				INFOPLIST_FILE = "函数式编程Tests/Info.plist";
				LD_RUNPATH_SEARCH_PATHS = "$(inherited) @executable_path/Frameworks @loader_path/Frameworks";
				PRODUCT_BUNDLE_IDENTIFIER = "LiuYuan.-----Tests";
				PRODUCT_NAME = "$(TARGET_NAME)";
				TEST_HOST = "$(BUILT_PRODUCTS_DIR)/函数式编程.app/函数式编程";
			};
			name = Debug;
		};
		54639DD01F5B94890030CD49 /* Release */ = {
			isa = XCBuildConfiguration;
			buildSettings = {
				BUNDLE_LOADER = "$(TEST_HOST)";
				INFOPLIST_FILE = "函数式编程Tests/Info.plist";
				LD_RUNPATH_SEARCH_PATHS = "$(inherited) @executable_path/Frameworks @loader_path/Frameworks";
				PRODUCT_BUNDLE_IDENTIFIER = "LiuYuan.-----Tests";
				PRODUCT_NAME = "$(TARGET_NAME)";
				TEST_HOST = "$(BUILT_PRODUCTS_DIR)/函数式编程.app/函数式编程";
			};
			name = Release;
		};
		54639DD21F5B94890030CD49 /* Debug */ = {
			isa = XCBuildConfiguration;
			buildSettings = {
				INFOPLIST_FILE = "函数式编程UITests/Info.plist";
				LD_RUNPATH_SEARCH_PATHS = "$(inherited) @executable_path/Frameworks @loader_path/Frameworks";
				PRODUCT_BUNDLE_IDENTIFIER = "LiuYuan.-----UITests";
				PRODUCT_NAME = "$(TARGET_NAME)";
				TEST_TARGET_NAME = "函数式编程";
			};
			name = Debug;
		};
		54639DD31F5B94890030CD49 /* Release */ = {
			isa = XCBuildConfiguration;
			buildSettings = {
				INFOPLIST_FILE = "函数式编程UITests/Info.plist";
				LD_RUNPATH_SEARCH_PATHS = "$(inherited) @executable_path/Frameworks @loader_path/Frameworks";
				PRODUCT_BUNDLE_IDENTIFIER = "LiuYuan.-----UITests";
				PRODUCT_NAME = "$(TARGET_NAME)";
				TEST_TARGET_NAME = "函数式编程";
			};
			name = Release;
		};
/* End XCBuildConfiguration section */

/* Begin XCConfigurationList section */
		54639D991F5B94880030CD49 /* Build configuration list for PBXProject "函数式编程" */ = {
			isa = XCConfigurationList;
			buildConfigurations = (
				54639DC91F5B94890030CD49 /* Debug */,
				54639DCA1F5B94890030CD49 /* Release */,
			);
			defaultConfigurationIsVisible = 0;
			defaultConfigurationName = Release;
		};
		54639DCB1F5B94890030CD49 /* Build configuration list for PBXNativeTarget "函数式编程" */ = {
			isa = XCConfigurationList;
			buildConfigurations = (
				54639DCC1F5B94890030CD49 /* Debug */,
				54639DCD1F5B94890030CD49 /* Release */,
			);
			defaultConfigurationIsVisible = 0;
		};
		54639DCE1F5B94890030CD49 /* Build configuration list for PBXNativeTarget "函数式编程Tests" */ = {
			isa = XCConfigurationList;
			buildConfigurations = (
				54639DCF1F5B94890030CD49 /* Debug */,
				54639DD01F5B94890030CD49 /* Release */,
			);
			defaultConfigurationIsVisible = 0;
		};
		54639DD11F5B94890030CD49 /* Build configuration list for PBXNativeTarget "函数式编程UITests" */ = {
			isa = XCConfigurationList;
			buildConfigurations = (
				54639DD21F5B94890030CD49 /* Debug */,
				54639DD31F5B94890030CD49 /* Release */,
			);
			defaultConfigurationIsVisible = 0;
		};
/* End XCConfigurationList section */
	};
	rootObject = 54639D961F5B94880030CD49 /* Project object */;
}
